
Microsoft Visual Studio Solution File, Format Version 11.00
# Visual Studio 2010
Project("{FAE04EC0-301F-11D3-BF4B-00C04F79EFBC}") = "StyleGendarme", "StyleGendarme\StyleGendarme.csproj", "{57917DCC-FD28-4D4F-84FA-0D2A318367FD}"
EndProject
Global
	GlobalSection(SolutionConfigurationPlatforms) = preSolution
		Debug|Any CPU = Debug|Any CPU
		Release|Any CPU = Release|Any CPU
	EndGlobalSection
	GlobalSection(ProjectConfigurationPlatforms) = postSolution
		{57917DCC-FD28-4D4F-84FA-0D2A318367FD}.Debug|Any CPU.ActiveCfg = Debug|Any CPU
		{57917DCC-FD28-4D4F-84FA-0D2A318367FD}.Debug|Any CPU.Build.0 = Debug|Any CPU
		{57917DCC-FD28-4D4F-84FA-0D2A318367FD}.Release|Any CPU.ActiveCfg = Release|Any CPU
		{57917DCC-FD28-4D4F-84FA-0D2A318367FD}.Release|Any CPU.Build.0 = Release|Any CPU
	EndGlobalSection
	GlobalSection(MonoDevelopProperties) = preSolution
		StartupItem = StyleGendarme\StyleGendarme.csproj
	EndGlobalSection
	GlobalSection(SolutionProperties) = preSolution
		HideSolutionNode = FALSE
	EndGlobalSection
EndGlobal
